// !$*UTF8*$!
{
	archiveVersion = 1;
	classes = {
	};
	objectVersion = 56;
	objects = {

/* Begin PBXBuildFile section */
		650F1AEC2C1BD1CA0086F89A /* NavigationStepperViewModel.swift in Sources */ = {isa = PBXBuildFile; fileRef = 650F1AEB2C1BD1CA0086F89A /* NavigationStepperViewModel.swift */; };
		654CD2812C1540BA001DB28F /* ToogleCustom.swift in Sources */ = {isa = PBXBuildFile; fileRef = 654CD2802C1540BA001DB28F /* ToogleCustom.swift */; };
		654CD2842C1545FB001DB28F /* LazyGridView.swift in Sources */ = {isa = PBXBuildFile; fileRef = 654CD2832C1545FB001DB28F /* LazyGridView.swift */; };
		654CD28B2C1567E1001DB28F /* StaticGrid.swift in Sources */ = {isa = PBXBuildFile; fileRef = 654CD28A2C1567E1001DB28F /* StaticGrid.swift */; };
		654CD28D2C156F80001DB28F /* GroupBox.swift in Sources */ = {isa = PBXBuildFile; fileRef = 654CD28C2C156F80001DB28F /* GroupBox.swift */; };
		654CD2902C1578E7001DB28F /* TriggeredDifferentsAlerst.swift in Sources */ = {isa = PBXBuildFile; fileRef = 654CD28F2C1578E7001DB28F /* TriggeredDifferentsAlerst.swift */; };
		65BE8CB22C1C052400897E60 /* NSExample.swift in Sources */ = {isa = PBXBuildFile; fileRef = 65BE8CB12C1C052400897E60 /* NSExample.swift */; };
		65CC35B02C336CBF009FE50E /* TextInputField.swift in Sources */ = {isa = PBXBuildFile; fileRef = 65CC35AF2C336CBF009FE50E /* TextInputField.swift */; };
		65CC35B22C336CD8009FE50E /* TestingTextInputField.swift in Sources */ = {isa = PBXBuildFile; fileRef = 65CC35B12C336CD8009FE50E /* TestingTextInputField.swift */; };
		65CC35B42C336E25009FE50E /* TestingInputsFields.swift in Sources */ = {isa = PBXBuildFile; fileRef = 65CC35B32C336E25009FE50E /* TestingInputsFields.swift */; };
		65D1EBB92C1A984600EBD005 /* NavigationStepper.swift in Sources */ = {isa = PBXBuildFile; fileRef = 65D1EBB82C1A984600EBD005 /* NavigationStepper.swift */; };
		721235452BF3185000B3C4DE /* BarChart.swift in Sources */ = {isa = PBXBuildFile; fileRef = 721235442BF3185000B3C4DE /* BarChart.swift */; };
		72810BB32BF294CE00AB634C /* PieChart.swift in Sources */ = {isa = PBXBuildFile; fileRef = 72810BB22BF294CE00AB634C /* PieChart.swift */; };
		72A4AB7C2B8E6B190037EE3A /* SearchBar.swift in Sources */ = {isa = PBXBuildFile; fileRef = 72A4AB7B2B8E6B190037EE3A /* SearchBar.swift */; };
		72A4AB7E2B8E750A0037EE3A /* ModelGlobal.swift in Sources */ = {isa = PBXBuildFile; fileRef = 72A4AB7D2B8E750A0037EE3A /* ModelGlobal.swift */; };
		72B52E352B7E94360009A03E /* LoadRemoteImgFromNetwork.swift in Sources */ = {isa = PBXBuildFile; fileRef = 72B52E342B7E94350009A03E /* LoadRemoteImgFromNetwork.swift */; };
		72C41CF72BFAA38D003F0875 /* CustomEmptyStates.swift in Sources */ = {isa = PBXBuildFile; fileRef = 72C41CF62BFAA38D003F0875 /* CustomEmptyStates.swift */; };
		72D12E572B8DAE2600EF3FF5 /* PhotoPicker.swift in Sources */ = {isa = PBXBuildFile; fileRef = 72D12E562B8DAE2600EF3FF5 /* PhotoPicker.swift */; };
		72D4CC2B2BDF16F700B82159 /* APICalls.swift in Sources */ = {isa = PBXBuildFile; fileRef = 72D4CC2A2BDF16F700B82159 /* APICalls.swift */; };
		72F72AF92BF276B600230538 /* TipKit.swift in Sources */ = {isa = PBXBuildFile; fileRef = 72F72AF82BF276B600230538 /* TipKit.swift */; };
		72F72AFC2BF280B900230538 /* AddColorTip.swift in Sources */ = {isa = PBXBuildFile; fileRef = 72F72AFB2BF280B900230538 /* AddColorTip.swift */; };
		72F72AFE2BF2836B00230538 /* TipKitExampleApp.swift in Sources */ = {isa = PBXBuildFile; fileRef = 72F72AFD2BF2836A00230538 /* TipKitExampleApp.swift */; };
		72FB2AE22B7DBCA400A40FCB /* SwiftUI_Assets_IOS17App.swift in Sources */ = {isa = PBXBuildFile; fileRef = 72FB2AE12B7DBCA400A40FCB /* SwiftUI_Assets_IOS17App.swift */; };
		72FB2AE42B7DBCA400A40FCB /* SuperPowerScrollViews.swift in Sources */ = {isa = PBXBuildFile; fileRef = 72FB2AE32B7DBCA400A40FCB /* SuperPowerScrollViews.swift */; };
		72FB2AE62B7DBCA500A40FCB /* Assets.xcassets in Resources */ = {isa = PBXBuildFile; fileRef = 72FB2AE52B7DBCA500A40FCB /* Assets.xcassets */; };
		72FF66C62BA68DC1008739D0 /* Playground.swift in Sources */ = {isa = PBXBuildFile; fileRef = 72FF66C52BA68DC1008739D0 /* Playground.swift */; };
/* End PBXBuildFile section */

/* Begin PBXFileReference section */
		650F1AEB2C1BD1CA0086F89A /* NavigationStepperViewModel.swift */ = {isa = PBXFileReference; lastKnownFileType = sourcecode.swift; path = NavigationStepperViewModel.swift; sourceTree = "<group>"; };
		654CD2802C1540BA001DB28F /* ToogleCustom.swift */ = {isa = PBXFileReference; lastKnownFileType = sourcecode.swift; path = ToogleCustom.swift; sourceTree = "<group>"; };
		654CD2832C1545FB001DB28F /* LazyGridView.swift */ = {isa = PBXFileReference; lastKnownFileType = sourcecode.swift; path = LazyGridView.swift; sourceTree = "<group>"; };
		654CD28A2C1567E1001DB28F /* StaticGrid.swift */ = {isa = PBXFileReference; lastKnownFileType = sourcecode.swift; path = StaticGrid.swift; sourceTree = "<group>"; };
		654CD28C2C156F80001DB28F /* GroupBox.swift */ = {isa = PBXFileReference; lastKnownFileType = sourcecode.swift; path = GroupBox.swift; sourceTree = "<group>"; };
		654CD28F2C1578E7001DB28F /* TriggeredDifferentsAlerst.swift */ = {isa = PBXFileReference; lastKnownFileType = sourcecode.swift; path = TriggeredDifferentsAlerst.swift; sourceTree = "<group>"; };
		65BE8CB12C1C052400897E60 /* NSExample.swift */ = {isa = PBXFileReference; lastKnownFileType = sourcecode.swift; path = NSExample.swift; sourceTree = "<group>"; };
		65CC35AF2C336CBF009FE50E /* TextInputField.swift */ = {isa = PBXFileReference; lastKnownFileType = sourcecode.swift; path = TextInputField.swift; sourceTree = "<group>"; };
		65CC35B12C336CD8009FE50E /* TestingTextInputField.swift */ = {isa = PBXFileReference; lastKnownFileType = sourcecode.swift; path = TestingTextInputField.swift; sourceTree = "<group>"; };
		65CC35B32C336E25009FE50E /* TestingInputsFields.swift */ = {isa = PBXFileReference; fileEncoding = 4; lastKnownFileType = sourcecode.swift; name = TestingInputsFields.swift; path = ../../../../.Trashes/501/TestingInputsFields.swift; sourceTree = "<group>"; };
		65D1EBB82C1A984600EBD005 /* NavigationStepper.swift */ = {isa = PBXFileReference; lastKnownFileType = sourcecode.swift; path = NavigationStepper.swift; sourceTree = "<group>"; };
		721235442BF3185000B3C4DE /* BarChart.swift */ = {isa = PBXFileReference; lastKnownFileType = sourcecode.swift; path = BarChart.swift; sourceTree = "<group>"; };
		72810BB22BF294CE00AB634C /* PieChart.swift */ = {isa = PBXFileReference; lastKnownFileType = sourcecode.swift; path = PieChart.swift; sourceTree = "<group>"; };
		72A4AB7B2B8E6B190037EE3A /* SearchBar.swift */ = {isa = PBXFileReference; lastKnownFileType = sourcecode.swift; path = SearchBar.swift; sourceTree = "<group>"; };
		72A4AB7D2B8E750A0037EE3A /* ModelGlobal.swift */ = {isa = PBXFileReference; lastKnownFileType = sourcecode.swift; path = ModelGlobal.swift; sourceTree = "<group>"; };
		72B52E342B7E94350009A03E /* LoadRemoteImgFromNetwork.swift */ = {isa = PBXFileReference; lastKnownFileType = sourcecode.swift; path = LoadRemoteImgFromNetwork.swift; sourceTree = "<group>"; };
		72C41CF62BFAA38D003F0875 /* CustomEmptyStates.swift */ = {isa = PBXFileReference; lastKnownFileType = sourcecode.swift; path = CustomEmptyStates.swift; sourceTree = "<group>"; };
		72D12E562B8DAE2600EF3FF5 /* PhotoPicker.swift */ = {isa = PBXFileReference; lastKnownFileType = sourcecode.swift; path = PhotoPicker.swift; sourceTree = "<group>"; };
		72D4CC2A2BDF16F700B82159 /* APICalls.swift */ = {isa = PBXFileReference; lastKnownFileType = sourcecode.swift; path = APICalls.swift; sourceTree = "<group>"; };
		72F72AF82BF276B600230538 /* TipKit.swift */ = {isa = PBXFileReference; lastKnownFileType = sourcecode.swift; path = TipKit.swift; sourceTree = "<group>"; };
		72F72AFB2BF280B900230538 /* AddColorTip.swift */ = {isa = PBXFileReference; lastKnownFileType = sourcecode.swift; path = AddColorTip.swift; sourceTree = "<group>"; };
		72F72AFD2BF2836A00230538 /* TipKitExampleApp.swift */ = {isa = PBXFileReference; lastKnownFileType = sourcecode.swift; path = TipKitExampleApp.swift; sourceTree = "<group>"; };
		72FB2ADE2B7DBCA400A40FCB /* SwiftUI-Assets-IOS17.app */ = {isa = PBXFileReference; explicitFileType = wrapper.application; includeInIndex = 0; path = "SwiftUI-Assets-IOS17.app"; sourceTree = BUILT_PRODUCTS_DIR; };
		72FB2AE12B7DBCA400A40FCB /* SwiftUI_Assets_IOS17App.swift */ = {isa = PBXFileReference; lastKnownFileType = sourcecode.swift; path = SwiftUI_Assets_IOS17App.swift; sourceTree = "<group>"; };
		72FB2AE32B7DBCA400A40FCB /* SuperPowerScrollViews.swift */ = {isa = PBXFileReference; lastKnownFileType = sourcecode.swift; path = SuperPowerScrollViews.swift; sourceTree = "<group>"; };
		72FB2AE52B7DBCA500A40FCB /* Assets.xcassets */ = {isa = PBXFileReference; lastKnownFileType = folder.assetcatalog; path = Assets.xcassets; sourceTree = "<group>"; };
		72FF66C52BA68DC1008739D0 /* Playground.swift */ = {isa = PBXFileReference; lastKnownFileType = sourcecode.swift; path = Playground.swift; sourceTree = "<group>"; };
/* End PBXFileReference section */

/* Begin PBXFrameworksBuildPhase section */
		72FB2ADB2B7DBCA400A40FCB /* Frameworks */ = {
			isa = PBXFrameworksBuildPhase;
			buildActionMask = 2147483647;
			files = (
			);
			runOnlyForDeploymentPostprocessing = 0;
		};
/* End PBXFrameworksBuildPhase section */

/* Begin PBXGroup section */
		654CD2822C1540C5001DB28F /* Toggle */ = {
			isa = PBXGroup;
			children = (
				654CD2802C1540BA001DB28F /* ToogleCustom.swift */,
			);
			path = Toggle;
			sourceTree = "<group>";
		};
		654CD2852C154608001DB28F /* LazyGridView */ = {
			isa = PBXGroup;
			children = (
				654CD2832C1545FB001DB28F /* LazyGridView.swift */,
				654CD28A2C1567E1001DB28F /* StaticGrid.swift */,
			);
			path = LazyGridView;
			sourceTree = "<group>";
		};
		654CD28E2C156F88001DB28F /* GroupBox&Customizations */ = {
			isa = PBXGroup;
			children = (
				654CD28C2C156F80001DB28F /* GroupBox.swift */,
			);
			path = "GroupBox&Customizations";
			sourceTree = "<group>";
		};
		654CD2912C1578F1001DB28F /* TriggeredDifferentsAlerst */ = {
			isa = PBXGroup;
			children = (
				654CD28F2C1578E7001DB28F /* TriggeredDifferentsAlerst.swift */,
			);
			path = TriggeredDifferentsAlerst;
			sourceTree = "<group>";
		};
		65CC35A72C333D1C009FE50E /* CustomInputField */ = {
			isa = PBXGroup;
			children = (
				65CC35B32C336E25009FE50E /* TestingInputsFields.swift */,
				65CC35AF2C336CBF009FE50E /* TextInputField.swift */,
				65CC35B12C336CD8009FE50E /* TestingTextInputField.swift */,
			);
			path = CustomInputField;
			sourceTree = "<group>";
		};
		65D1EBBA2C1A985000EBD005 /* StepperComponent */ = {
			isa = PBXGroup;
			children = (
				65D1EBB82C1A984600EBD005 /* NavigationStepper.swift */,
			);
			path = StepperComponent;
			sourceTree = "<group>";
		};
		721235462BF3186000B3C4DE /* BarChart */ = {
			isa = PBXGroup;
			children = (
				721235442BF3185000B3C4DE /* BarChart.swift */,
			);
			name = BarChart;
			sourceTree = "<group>";
		};
		72810BB12BF2949500AB634C /* PieChart */ = {
			isa = PBXGroup;
			children = (
				72810BB22BF294CE00AB634C /* PieChart.swift */,
			);
			path = PieChart;
			sourceTree = "<group>";
		};
		72C41CF82BFAA397003F0875 /* CustomEmptyStates */ = {
			isa = PBXGroup;
			children = (
				72C41CF62BFAA38D003F0875 /* CustomEmptyStates.swift */,
				650F1AEB2C1BD1CA0086F89A /* NavigationStepperViewModel.swift */,
				65BE8CB12C1C052400897E60 /* NSExample.swift */,
			);
			path = CustomEmptyStates;
			sourceTree = "<group>";
		};
		72F72AFA2BF2807400230538 /* TipKit */ = {
			isa = PBXGroup;
			children = (
				72F72AF82BF276B600230538 /* TipKit.swift */,
				72F72AFB2BF280B900230538 /* AddColorTip.swift */,
				72F72AFD2BF2836A00230538 /* TipKitExampleApp.swift */,
			);
			path = TipKit;
			sourceTree = "<group>";
		};
		72FB2AD52B7DBCA400A40FCB = {
			isa = PBXGroup;
			children = (
				72FB2AE02B7DBCA400A40FCB /* SwiftUI-Assets-IOS17 */,
				72FB2ADF2B7DBCA400A40FCB /* Products */,
			);
			sourceTree = "<group>";
		};
		72FB2ADF2B7DBCA400A40FCB /* Products */ = {
			isa = PBXGroup;
			children = (
				72FB2ADE2B7DBCA400A40FCB /* SwiftUI-Assets-IOS17.app */,
			);
			name = Products;
			sourceTree = "<group>";
		};
		72FB2AE02B7DBCA400A40FCB /* SwiftUI-Assets-IOS17 */ = {
			isa = PBXGroup;
			children = (
				65CC35A72C333D1C009FE50E /* CustomInputField */,
				65D1EBBA2C1A985000EBD005 /* StepperComponent */,
				72C41CF82BFAA397003F0875 /* CustomEmptyStates */,
				721235462BF3186000B3C4DE /* BarChart */,
				72810BB12BF2949500AB634C /* PieChart */,
				654CD2852C154608001DB28F /* LazyGridView */,
				72F72AFA2BF2807400230538 /* TipKit */,
				654CD2822C1540C5001DB28F /* Toggle */,
				654CD28E2C156F88001DB28F /* GroupBox&Customizations */,
				654CD2912C1578F1001DB28F /* TriggeredDifferentsAlerst */,
				72FB2AE12B7DBCA400A40FCB /* SwiftUI_Assets_IOS17App.swift */,
				72B52E342B7E94350009A03E /* LoadRemoteImgFromNetwork.swift */,
				72D12E562B8DAE2600EF3FF5 /* PhotoPicker.swift */,
				72A4AB7B2B8E6B190037EE3A /* SearchBar.swift */,
				72FB2AE32B7DBCA400A40FCB /* SuperPowerScrollViews.swift */,
				72FB2AE52B7DBCA500A40FCB /* Assets.xcassets */,
				72A4AB7D2B8E750A0037EE3A /* ModelGlobal.swift */,
				72FF66C52BA68DC1008739D0 /* Playground.swift */,
				72D4CC2A2BDF16F700B82159 /* APICalls.swift */,
			);
			path = "SwiftUI-Assets-IOS17";
			sourceTree = "<group>";
		};
/* End PBXGroup section */

/* Begin PBXNativeTarget section */
		72FB2ADD2B7DBCA400A40FCB /* SwiftUI-Assets-IOS17 */ = {
			isa = PBXNativeTarget;
			buildConfigurationList = 72FB2AEC2B7DBCA500A40FCB /* Build configuration list for PBXNativeTarget "SwiftUI-Assets-IOS17" */;
			buildPhases = (
				72FB2ADA2B7DBCA400A40FCB /* Sources */,
				72FB2ADB2B7DBCA400A40FCB /* Frameworks */,
				72FB2ADC2B7DBCA400A40FCB /* Resources */,
			);
			buildRules = (
			);
			dependencies = (
			);
			name = "SwiftUI-Assets-IOS17";
			productName = "SwiftUI-Assets-IOS17";
			productReference = 72FB2ADE2B7DBCA400A40FCB /* SwiftUI-Assets-IOS17.app */;
			productType = "com.apple.product-type.application";
		};
/* End PBXNativeTarget section */

/* Begin PBXProject section */
		72FB2AD62B7DBCA400A40FCB /* Project object */ = {
			isa = PBXProject;
			attributes = {
				BuildIndependentTargetsInParallel = 1;
				LastSwiftUpdateCheck = 1520;
				LastUpgradeCheck = 1520;
				TargetAttributes = {
					72FB2ADD2B7DBCA400A40FCB = {
						CreatedOnToolsVersion = 15.2;
					};
				};
			};
			buildConfigurationList = 72FB2AD92B7DBCA400A40FCB /* Build configuration list for PBXProject "SwiftUI-Assets-IOS17" */;
			compatibilityVersion = "Xcode 14.0";
			developmentRegion = en;
			hasScannedForEncodings = 0;
			knownRegions = (
				en,
				Base,
			);
			mainGroup = 72FB2AD52B7DBCA400A40FCB;
			productRefGroup = 72FB2ADF2B7DBCA400A40FCB /* Products */;
			projectDirPath = "";
			projectRoot = "";
			targets = (
				72FB2ADD2B7DBCA400A40FCB /* SwiftUI-Assets-IOS17 */,
			);
		};
/* End PBXProject section */

/* Begin PBXResourcesBuildPhase section */
		72FB2ADC2B7DBCA400A40FCB /* Resources */ = {
			isa = PBXResourcesBuildPhase;
			buildActionMask = 2147483647;
			files = (
				72FB2AE62B7DBCA500A40FCB /* Assets.xcassets in Resources */,
			);
			runOnlyForDeploymentPostprocessing = 0;
		};
/* End PBXResourcesBuildPhase section */

/* Begin PBXSourcesBuildPhase section */
		72FB2ADA2B7DBCA400A40FCB /* Sources */ = {
			isa = PBXSourcesBuildPhase;
			buildActionMask = 2147483647;
			files = (
				72A4AB7E2B8E750A0037EE3A /* ModelGlobal.swift in Sources */,
				65CC35B42C336E25009FE50E /* TestingInputsFields.swift in Sources */,
				65BE8CB22C1C052400897E60 /* NSExample.swift in Sources */,
				72D12E572B8DAE2600EF3FF5 /* PhotoPicker.swift in Sources */,
				654CD2812C1540BA001DB28F /* ToogleCustom.swift in Sources */,
				72D4CC2B2BDF16F700B82159 /* APICalls.swift in Sources */,
				72B52E352B7E94360009A03E /* LoadRemoteImgFromNetwork.swift in Sources */,
				72A4AB7C2B8E6B190037EE3A /* SearchBar.swift in Sources */,
				72FF66C62BA68DC1008739D0 /* Playground.swift in Sources */,
				72F72AFE2BF2836B00230538 /* TipKitExampleApp.swift in Sources */,
				654CD28B2C1567E1001DB28F /* StaticGrid.swift in Sources */,
				721235452BF3185000B3C4DE /* BarChart.swift in Sources */,
				65CC35B02C336CBF009FE50E /* TextInputField.swift in Sources */,
				72C41CF72BFAA38D003F0875 /* CustomEmptyStates.swift in Sources */,
				65CC35B22C336CD8009FE50E /* TestingTextInputField.swift in Sources */,
				72FB2AE42B7DBCA400A40FCB /* SuperPowerScrollViews.swift in Sources */,
				72F72AFC2BF280B900230538 /* AddColorTip.swift in Sources */,
				72810BB32BF294CE00AB634C /* PieChart.swift in Sources */,
				650F1AEC2C1BD1CA0086F89A /* NavigationStepperViewModel.swift in Sources */,
				72FB2AE22B7DBCA400A40FCB /* SwiftUI_Assets_IOS17App.swift in Sources */,
				654CD2842C1545FB001DB28F /* LazyGridView.swift in Sources */,
				72F72AF92BF276B600230538 /* TipKit.swift in Sources */,
				65D1EBB92C1A984600EBD005 /* NavigationStepper.swift in Sources */,
				654CD28D2C156F80001DB28F /* GroupBox.swift in Sources */,
				654CD2902C1578E7001DB28F /* TriggeredDifferentsAlerst.swift in Sources */,
			);
			runOnlyForDeploymentPostprocessing = 0;
		};
/* End PBXSourcesBuildPhase section */

/* Begin XCBuildConfiguration section */
		72FB2AEA2B7DBCA500A40FCB /* Debug */ = {
			isa = XCBuildConfiguration;
			buildSettings = {
				ALWAYS_SEARCH_USER_PATHS = NO;
				ASSETCATALOG_COMPILER_GENERATE_SWIFT_ASSET_SYMBOL_EXTENSIONS = YES;
				CLANG_ANALYZER_NONNULL = YES;
				CLANG_ANALYZER_NUMBER_OBJECT_CONVERSION = YES_AGGRESSIVE;
				CLANG_CXX_LANGUAGE_STANDARD = "gnu++20";
				CLANG_ENABLE_MODULES = YES;
				CLANG_ENABLE_OBJC_ARC = YES;
				CLANG_ENABLE_OBJC_WEAK = YES;
				CLANG_WARN_BLOCK_CAPTURE_AUTORELEASING = YES;
				CLANG_WARN_BOOL_CONVERSION = YES;
				CLANG_WARN_COMMA = YES;
				CLANG_WARN_CONSTANT_CONVERSION = YES;
				CLANG_WARN_DEPRECATED_OBJC_IMPLEMENTATIONS = YES;
				CLANG_WARN_DIRECT_OBJC_ISA_USAGE = YES_ERROR;
				CLANG_WARN_DOCUMENTATION_COMMENTS = YES;
				CLANG_WARN_EMPTY_BODY = YES;
				CLANG_WARN_ENUM_CONVERSION = YES;
				CLANG_WARN_INFINITE_RECURSION = YES;
				CLANG_WARN_INT_CONVERSION = YES;
				CLANG_WARN_NON_LITERAL_NULL_CONVERSION = YES;
				CLANG_WARN_OBJC_IMPLICIT_RETAIN_SELF = YES;
				CLANG_WARN_OBJC_LITERAL_CONVERSION = YES;
				CLANG_WARN_OBJC_ROOT_CLASS = YES_ERROR;
				CLANG_WARN_QUOTED_INCLUDE_IN_FRAMEWORK_HEADER = YES;
				CLANG_WARN_RANGE_LOOP_ANALYSIS = YES;
				CLANG_WARN_STRICT_PROTOTYPES = YES;
				CLANG_WARN_SUSPICIOUS_MOVE = YES;
				CLANG_WARN_UNGUARDED_AVAILABILITY = YES_AGGRESSIVE;
				CLANG_WARN_UNREACHABLE_CODE = YES;
				CLANG_WARN__DUPLICATE_METHOD_MATCH = YES;
				COPY_PHASE_STRIP = NO;
				DEBUG_INFORMATION_FORMAT = dwarf;
				ENABLE_STRICT_OBJC_MSGSEND = YES;
				ENABLE_TESTABILITY = YES;
				ENABLE_USER_SCRIPT_SANDBOXING = YES;
				GCC_C_LANGUAGE_STANDARD = gnu17;
				GCC_DYNAMIC_NO_PIC = NO;
				GCC_NO_COMMON_BLOCKS = YES;
				GCC_OPTIMIZATION_LEVEL = 0;
				GCC_PREPROCESSOR_DEFINITIONS = (
					"DEBUG=1",
					"$(inherited)",
				);
				GCC_WARN_64_TO_32_BIT_CONVERSION = YES;
				GCC_WARN_ABOUT_RETURN_TYPE = YES_ERROR;
				GCC_WARN_UNDECLARED_SELECTOR = YES;
				GCC_WARN_UNINITIALIZED_AUTOS = YES_AGGRESSIVE;
				GCC_WARN_UNUSED_FUNCTION = YES;
				GCC_WARN_UNUSED_VARIABLE = YES;
				IPHONEOS_DEPLOYMENT_TARGET = 17.2;
				LOCALIZATION_PREFERS_STRING_CATALOGS = YES;
				MTL_ENABLE_DEBUG_INFO = INCLUDE_SOURCE;
				MTL_FAST_MATH = YES;
				ONLY_ACTIVE_ARCH = YES;
				SDKROOT = iphoneos;
				SWIFT_ACTIVE_COMPILATION_CONDITIONS = "DEBUG $(inherited)";
				SWIFT_OPTIMIZATION_LEVEL = "-Onone";
			};
			name = Debug;
		};
		72FB2AEB2B7DBCA500A40FCB /* Release */ = {
			isa = XCBuildConfiguration;
			buildSettings = {
				ALWAYS_SEARCH_USER_PATHS = NO;
				ASSETCATALOG_COMPILER_GENERATE_SWIFT_ASSET_SYMBOL_EXTENSIONS = YES;
				CLANG_ANALYZER_NONNULL = YES;
				CLANG_ANALYZER_NUMBER_OBJECT_CONVERSION = YES_AGGRESSIVE;
				CLANG_CXX_LANGUAGE_STANDARD = "gnu++20";
				CLANG_ENABLE_MODULES = YES;
				CLANG_ENABLE_OBJC_ARC = YES;
				CLANG_ENABLE_OBJC_WEAK = YES;
				CLANG_WARN_BLOCK_CAPTURE_AUTORELEASING = YES;
				CLANG_WARN_BOOL_CONVERSION = YES;
				CLANG_WARN_COMMA = YES;
				CLANG_WARN_CONSTANT_CONVERSION = YES;
				CLANG_WARN_DEPRECATED_OBJC_IMPLEMENTATIONS = YES;
				CLANG_WARN_DIRECT_OBJC_ISA_USAGE = YES_ERROR;
				CLANG_WARN_DOCUMENTATION_COMMENTS = YES;
				CLANG_WARN_EMPTY_BODY = YES;
				CLANG_WARN_ENUM_CONVERSION = YES;
				CLANG_WARN_INFINITE_RECURSION = YES;
				CLANG_WARN_INT_CONVERSION = YES;
				CLANG_WARN_NON_LITERAL_NULL_CONVERSION = YES;
				CLANG_WARN_OBJC_IMPLICIT_RETAIN_SELF = YES;
				CLANG_WARN_OBJC_LITERAL_CONVERSION = YES;
				CLANG_WARN_OBJC_ROOT_CLASS = YES_ERROR;
				CLANG_WARN_QUOTED_INCLUDE_IN_FRAMEWORK_HEADER = YES;
				CLANG_WARN_RANGE_LOOP_ANALYSIS = YES;
				CLANG_WARN_STRICT_PROTOTYPES = YES;
				CLANG_WARN_SUSPICIOUS_MOVE = YES;
				CLANG_WARN_UNGUARDED_AVAILABILITY = YES_AGGRESSIVE;
				CLANG_WARN_UNREACHABLE_CODE = YES;
				CLANG_WARN__DUPLICATE_METHOD_MATCH = YES;
				COPY_PHASE_STRIP = NO;
				DEBUG_INFORMATION_FORMAT = "dwarf-with-dsym";
				ENABLE_NS_ASSERTIONS = NO;
				ENABLE_STRICT_OBJC_MSGSEND = YES;
				ENABLE_USER_SCRIPT_SANDBOXING = YES;
				GCC_C_LANGUAGE_STANDARD = gnu17;
				GCC_NO_COMMON_BLOCKS = YES;
				GCC_WARN_64_TO_32_BIT_CONVERSION = YES;
				GCC_WARN_ABOUT_RETURN_TYPE = YES_ERROR;
				GCC_WARN_UNDECLARED_SELECTOR = YES;
				GCC_WARN_UNINITIALIZED_AUTOS = YES_AGGRESSIVE;
				GCC_WARN_UNUSED_FUNCTION = YES;
				GCC_WARN_UNUSED_VARIABLE = YES;
				IPHONEOS_DEPLOYMENT_TARGET = 17.2;
				LOCALIZATION_PREFERS_STRING_CATALOGS = YES;
				MTL_ENABLE_DEBUG_INFO = NO;
				MTL_FAST_MATH = YES;
				SDKROOT = iphoneos;
				SWIFT_COMPILATION_MODE = wholemodule;
				VALIDATE_PRODUCT = YES;
			};
			name = Release;
		};
		72FB2AED2B7DBCA500A40FCB /* Debug */ = {
			isa = XCBuildConfiguration;
			buildSettings = {
				ASSETCATALOG_COMPILER_APPICON_NAME = AppIcon;
				ASSETCATALOG_COMPILER_GLOBAL_ACCENT_COLOR_NAME = AccentColor;
				CODE_SIGN_STYLE = Automatic;
				CURRENT_PROJECT_VERSION = 1;
				DEVELOPMENT_ASSET_PATHS = "";
				DEVELOPMENT_TEAM = B66B7LDLW4;
				ENABLE_PREVIEWS = YES;
				GENERATE_INFOPLIST_FILE = YES;
				INFOPLIST_KEY_UIApplicationSceneManifest_Generation = YES;
				INFOPLIST_KEY_UIApplicationSupportsIndirectInputEvents = YES;
				INFOPLIST_KEY_UILaunchScreen_Generation = YES;
				INFOPLIST_KEY_UISupportedInterfaceOrientations_iPad = "UIInterfaceOrientationPortrait UIInterfaceOrientationPortraitUpsideDown UIInterfaceOrientationLandscapeLeft UIInterfaceOrientationLandscapeRight";
				INFOPLIST_KEY_UISupportedInterfaceOrientations_iPhone = "UIInterfaceOrientationPortrait UIInterfaceOrientationLandscapeLeft UIInterfaceOrientationLandscapeRight";
				LD_RUNPATH_SEARCH_PATHS = (
					"$(inherited)",
					"@executable_path/Frameworks",
				);
				MARKETING_VERSION = 1.0;
				PRODUCT_BUNDLE_IDENTIFIER = "com.danfelogarDev.www.SwiftUI-Assets-IOS17";
				PRODUCT_NAME = "$(TARGET_NAME)";
				SWIFT_EMIT_LOC_STRINGS = YES;
				SWIFT_VERSION = 5.0;
				TARGETED_DEVICE_FAMILY = "1,2";
			};
			name = Debug;
		};
		72FB2AEE2B7DBCA500A40FCB /* Release */ = {
			isa = XCBuildConfiguration;
			buildSettings = {
				ASSETCATALOG_COMPILER_APPICON_NAME = AppIcon;
				ASSETCATALOG_COMPILER_GLOBAL_ACCENT_COLOR_NAME = AccentColor;
				CODE_SIGN_STYLE = Automatic;
				CURRENT_PROJECT_VERSION = 1;
				DEVELOPMENT_ASSET_PATHS = "";
				DEVELOPMENT_TEAM = B66B7LDLW4;
				ENABLE_PREVIEWS = YES;
				GENERATE_INFOPLIST_FILE = YES;
				INFOPLIST_KEY_UIApplicationSceneManifest_Generation = YES;
				INFOPLIST_KEY_UIApplicationSupportsIndirectInputEvents = YES;
				INFOPLIST_KEY_UILaunchScreen_Generation = YES;
				INFOPLIST_KEY_UISupportedInterfaceOrientations_iPad = "UIInterfaceOrientationPortrait UIInterfaceOrientationPortraitUpsideDown UIInterfaceOrientationLandscapeLeft UIInterfaceOrientationLandscapeRight";
				INFOPLIST_KEY_UISupportedInterfaceOrientations_iPhone = "UIInterfaceOrientationPortrait UIInterfaceOrientationLandscapeLeft UIInterfaceOrientationLandscapeRight";
				LD_RUNPATH_SEARCH_PATHS = (
					"$(inherited)",
					"@executable_path/Frameworks",
				);
				MARKETING_VERSION = 1.0;
				PRODUCT_BUNDLE_IDENTIFIER = "com.danfelogarDev.www.SwiftUI-Assets-IOS17";
				PRODUCT_NAME = "$(TARGET_NAME)";
				SWIFT_EMIT_LOC_STRINGS = YES;
				SWIFT_VERSION = 5.0;
				TARGETED_DEVICE_FAMILY = "1,2";
			};
			name = Release;
		};
/* End XCBuildConfiguration section */

/* Begin XCConfigurationList section */
		72FB2AD92B7DBCA400A40FCB /* Build configuration list for PBXProject "SwiftUI-Assets-IOS17" */ = {
			isa = XCConfigurationList;
			buildConfigurations = (
				72FB2AEA2B7DBCA500A40FCB /* Debug */,
				72FB2AEB2B7DBCA500A40FCB /* Release */,
			);
			defaultConfigurationIsVisible = 0;
			defaultConfigurationName = Release;
		};
		72FB2AEC2B7DBCA500A40FCB /* Build configuration list for PBXNativeTarget "SwiftUI-Assets-IOS17" */ = {
			isa = XCConfigurationList;
			buildConfigurations = (
				72FB2AED2B7DBCA500A40FCB /* Debug */,
				72FB2AEE2B7DBCA500A40FCB /* Release */,
			);
			defaultConfigurationIsVisible = 0;
			defaultConfigurationName = Release;
		};
/* End XCConfigurationList section */
	};
	rootObject = 72FB2AD62B7DBCA400A40FCB /* Project object */;
}
